
Microsoft Visual Studio Solution File, Format Version 12.00
# Visual Studio 14
VisualStudioVersion = 14.0.25420.1
MinimumVisualStudioVersion = 10.0.40219.1
Project("{FAE04EC0-301F-11D3-BF4B-00C04F79EFBC}") = "NRulesExerciseFrontEnd", "NRulesExercise\NRulesExerciseFrontEnd.csproj", "{D90430FA-C876-4DBF-8717-63D9D6712BB1}"
EndProject
Project("{FAE04EC0-301F-11D3-BF4B-00C04F79EFBC}") = "BanksDomainModel", "BanksDomain\BanksDomainModel.csproj", "{24B670B3-4D44-4D1F-909D-4B126ED50E80}"
EndProject
Project("{FAE04EC0-301F-11D3-BF4B-00C04F79EFBC}") = "NRulesBanksEngine", "NRulesBanksEngine\NRulesBanksEngine.csproj", "{878729AF-0BEE-4A89-BD34-5CA8E4C4E66E}"
EndProject
Project("{FAE04EC0-301F-11D3-BF4B-00C04F79EFBC}") = "DataSource", "DataSource\DataSource.csproj", "{D0CBACA2-C974-4751-9C61-C8DE67518D7A}"
EndProject
Global
	GlobalSection(SolutionConfigurationPlatforms) = preSolution
		Debug|Any CPU = Debug|Any CPU
		Release|Any CPU = Release|Any CPU
	EndGlobalSection
	GlobalSection(ProjectConfigurationPlatforms) = postSolution
		{D90430FA-C876-4DBF-8717-63D9D6712BB1}.Debug|Any CPU.ActiveCfg = Debug|Any CPU
		{D90430FA-C876-4DBF-8717-63D9D6712BB1}.Debug|Any CPU.Build.0 = Debug|Any CPU
		{D90430FA-C876-4DBF-8717-63D9D6712BB1}.Release|Any CPU.ActiveCfg = Release|Any CPU
		{D90430FA-C876-4DBF-8717-63D9D6712BB1}.Release|Any CPU.Build.0 = Release|Any CPU
		{24B670B3-4D44-4D1F-909D-4B126ED50E80}.Debug|Any CPU.ActiveCfg = Debug|Any CPU
		{24B670B3-4D44-4D1F-909D-4B126ED50E80}.Debug|Any CPU.Build.0 = Debug|Any CPU
		{24B670B3-4D44-4D1F-909D-4B126ED50E80}.Release|Any CPU.ActiveCfg = Release|Any CPU
		{24B670B3-4D44-4D1F-909D-4B126ED50E80}.Release|Any CPU.Build.0 = Release|Any CPU
		{878729AF-0BEE-4A89-BD34-5CA8E4C4E66E}.Debug|Any CPU.ActiveCfg = Debug|Any CPU
		{878729AF-0BEE-4A89-BD34-5CA8E4C4E66E}.Debug|Any CPU.Build.0 = Debug|Any CPU
		{878729AF-0BEE-4A89-BD34-5CA8E4C4E66E}.Release|Any CPU.ActiveCfg = Release|Any CPU
		{878729AF-0BEE-4A89-BD34-5CA8E4C4E66E}.Release|Any CPU.Build.0 = Release|Any CPU
		{D0CBACA2-C974-4751-9C61-C8DE67518D7A}.Debug|Any CPU.ActiveCfg = Debug|Any CPU
		{D0CBACA2-C974-4751-9C61-C8DE67518D7A}.Debug|Any CPU.Build.0 = Debug|Any CPU
		{D0CBACA2-C974-4751-9C61-C8DE67518D7A}.Release|Any CPU.ActiveCfg = Release|Any CPU
		{D0CBACA2-C974-4751-9C61-C8DE67518D7A}.Release|Any CPU.Build.0 = Release|Any CPU
	EndGlobalSection
	GlobalSection(SolutionProperties) = preSolution
		HideSolutionNode = FALSE
	EndGlobalSection
EndGlobal
